
Microsoft Visual Studio Solution File, Format Version 12.00
# Visual Studio 15
VisualStudioVersion = 15.0.28307.329
MinimumVisualStudioVersion = 10.0.40219.1
Project("{FAE04EC0-301F-11D3-BF4B-00C04F79EFBC}") = "contacto", "contacto\contacto.csproj", "{BA20C167-9B40-47BC-B3D8-50907CF8BB79}"
EndProject
Project("{FAE04EC0-301F-11D3-BF4B-00C04F79EFBC}") = "apiContact", "apiContact\apiContact.csproj", "{5C25A988-C47D-445C-827F-166B405DE565}"
EndProject
Project("{FAE04EC0-301F-11D3-BF4B-00C04F79EFBC}") = "appContacto.Android", "appContacto\appContacto.Android\appContacto.Android.csproj", "{0F85774C-10BD-454D-B6EC-71BC60B85782}"
EndProject
Project("{FAE04EC0-301F-11D3-BF4B-00C04F79EFBC}") = "appContacto.iOS", "appContacto\appContacto.iOS\appContacto.iOS.csproj", "{80E0859E-B2B6-44AF-A95E-D4F5B8BDFDA9}"
EndProject
Project("{9A19103F-16F7-4668-BE54-9A1E7A4F7556}") = "appContacto", "appContacto\appContacto\appContacto.csproj", "{D8EB7CA4-9703-401E-92BF-A47DA415A322}"
EndProject
Project("{FAE04EC0-301F-11D3-BF4B-00C04F79EFBC}") = "apiContactSecurity", "apiContactSecurity\apiContactSecurity.csproj", "{079AA3ED-BC26-4F06-87CC-F0226C1C9000}"
EndProject
Global
	GlobalSection(SolutionConfigurationPlatforms) = preSolution
		Ad-Hoc|Any CPU = Ad-Hoc|Any CPU
		Ad-Hoc|iPhone = Ad-Hoc|iPhone
		Ad-Hoc|iPhoneSimulator = Ad-Hoc|iPhoneSimulator
		AppStore|Any CPU = AppStore|Any CPU
		AppStore|iPhone = AppStore|iPhone
		AppStore|iPhoneSimulator = AppStore|iPhoneSimulator
		Debug|Any CPU = Debug|Any CPU
		Debug|iPhone = Debug|iPhone
		Debug|iPhoneSimulator = Debug|iPhoneSimulator
		Release|Any CPU = Release|Any CPU
		Release|iPhone = Release|iPhone
		Release|iPhoneSimulator = Release|iPhoneSimulator
	EndGlobalSection
	GlobalSection(ProjectConfigurationPlatforms) = postSolution
		{BA20C167-9B40-47BC-B3D8-50907CF8BB79}.Ad-Hoc|Any CPU.ActiveCfg = Release|Any CPU
		{BA20C167-9B40-47BC-B3D8-50907CF8BB79}.Ad-Hoc|Any CPU.Build.0 = Release|Any CPU
		{BA20C167-9B40-47BC-B3D8-50907CF8BB79}.Ad-Hoc|iPhone.ActiveCfg = Release|Any CPU
		{BA20C167-9B40-47BC-B3D8-50907CF8BB79}.Ad-Hoc|iPhone.Build.0 = Release|Any CPU
		{BA20C167-9B40-47BC-B3D8-50907CF8BB79}.Ad-Hoc|iPhoneSimulator.ActiveCfg = Release|Any CPU
		{BA20C167-9B40-47BC-B3D8-50907CF8BB79}.Ad-Hoc|iPhoneSimulator.Build.0 = Release|Any CPU
		{BA20C167-9B40-47BC-B3D8-50907CF8BB79}.AppStore|Any CPU.ActiveCfg = Release|Any CPU
		{BA20C167-9B40-47BC-B3D8-50907CF8BB79}.AppStore|Any CPU.Build.0 = Release|Any CPU
		{BA20C167-9B40-47BC-B3D8-50907CF8BB79}.AppStore|iPhone.ActiveCfg = Release|Any CPU
		{BA20C167-9B40-47BC-B3D8-50907CF8BB79}.AppStore|iPhone.Build.0 = Release|Any CPU
		{BA20C167-9B40-47BC-B3D8-50907CF8BB79}.AppStore|iPhoneSimulator.ActiveCfg = Release|Any CPU
		{BA20C167-9B40-47BC-B3D8-50907CF8BB79}.AppStore|iPhoneSimulator.Build.0 = Release|Any CPU
		{BA20C167-9B40-47BC-B3D8-50907CF8BB79}.Debug|Any CPU.ActiveCfg = Debug|Any CPU
		{BA20C167-9B40-47BC-B3D8-50907CF8BB79}.Debug|Any CPU.Build.0 = Debug|Any CPU
		{BA20C167-9B40-47BC-B3D8-50907CF8BB79}.Debug|iPhone.ActiveCfg = Debug|Any CPU
		{BA20C167-9B40-47BC-B3D8-50907CF8BB79}.Debug|iPhone.Build.0 = Debug|Any CPU
		{BA20C167-9B40-47BC-B3D8-50907CF8BB79}.Debug|iPhoneSimulator.ActiveCfg = Debug|Any CPU
		{BA20C167-9B40-47BC-B3D8-50907CF8BB79}.Debug|iPhoneSimulator.Build.0 = Debug|Any CPU
		{BA20C167-9B40-47BC-B3D8-50907CF8BB79}.Release|Any CPU.ActiveCfg = Release|Any CPU
		{BA20C167-9B40-47BC-B3D8-50907CF8BB79}.Release|Any CPU.Build.0 = Release|Any CPU
		{BA20C167-9B40-47BC-B3D8-50907CF8BB79}.Release|iPhone.ActiveCfg = Release|Any CPU
		{BA20C167-9B40-47BC-B3D8-50907CF8BB79}.Release|iPhone.Build.0 = Release|Any CPU
		{BA20C167-9B40-47BC-B3D8-50907CF8BB79}.Release|iPhoneSimulator.ActiveCfg = Release|Any CPU
		{BA20C167-9B40-47BC-B3D8-50907CF8BB79}.Release|iPhoneSimulator.Build.0 = Release|Any CPU
		{5C25A988-C47D-445C-827F-166B405DE565}.Ad-Hoc|Any CPU.ActiveCfg = Release|Any CPU
		{5C25A988-C47D-445C-827F-166B405DE565}.Ad-Hoc|Any CPU.Build.0 = Release|Any CPU
		{5C25A988-C47D-445C-827F-166B405DE565}.Ad-Hoc|iPhone.ActiveCfg = Release|Any CPU
		{5C25A988-C47D-445C-827F-166B405DE565}.Ad-Hoc|iPhone.Build.0 = Release|Any CPU
		{5C25A988-C47D-445C-827F-166B405DE565}.Ad-Hoc|iPhoneSimulator.ActiveCfg = Release|Any CPU
		{5C25A988-C47D-445C-827F-166B405DE565}.Ad-Hoc|iPhoneSimulator.Build.0 = Release|Any CPU
		{5C25A988-C47D-445C-827F-166B405DE565}.AppStore|Any CPU.ActiveCfg = Release|Any CPU
		{5C25A988-C47D-445C-827F-166B405DE565}.AppStore|Any CPU.Build.0 = Release|Any CPU
		{5C25A988-C47D-445C-827F-166B405DE565}.AppStore|iPhone.ActiveCfg = Release|Any CPU
		{5C25A988-C47D-445C-827F-166B405DE565}.AppStore|iPhone.Build.0 = Release|Any CPU
		{5C25A988-C47D-445C-827F-166B405DE565}.AppStore|iPhoneSimulator.ActiveCfg = Release|Any CPU
		{5C25A988-C47D-445C-827F-166B405DE565}.AppStore|iPhoneSimulator.Build.0 = Release|Any CPU
		{5C25A988-C47D-445C-827F-166B405DE565}.Debug|Any CPU.ActiveCfg = Debug|Any CPU
		{5C25A988-C47D-445C-827F-166B405DE565}.Debug|Any CPU.Build.0 = Debug|Any CPU
		{5C25A988-C47D-445C-827F-166B405DE565}.Debug|iPhone.ActiveCfg = Debug|Any CPU
		{5C25A988-C47D-445C-827F-166B405DE565}.Debug|iPhone.Build.0 = Debug|Any CPU
		{5C25A988-C47D-445C-827F-166B405DE565}.Debug|iPhoneSimulator.ActiveCfg = Debug|Any CPU
		{5C25A988-C47D-445C-827F-166B405DE565}.Debug|iPhoneSimulator.Build.0 = Debug|Any CPU
		{5C25A988-C47D-445C-827F-166B405DE565}.Release|Any CPU.ActiveCfg = Release|Any CPU
		{5C25A988-C47D-445C-827F-166B405DE565}.Release|Any CPU.Build.0 = Release|Any CPU
		{5C25A988-C47D-445C-827F-166B405DE565}.Release|iPhone.ActiveCfg = Release|Any CPU
		{5C25A988-C47D-445C-827F-166B405DE565}.Release|iPhone.Build.0 = Release|Any CPU
		{5C25A988-C47D-445C-827F-166B405DE565}.Release|iPhoneSimulator.ActiveCfg = Release|Any CPU
		{5C25A988-C47D-445C-827F-166B405DE565}.Release|iPhoneSimulator.Build.0 = Release|Any CPU
		{0F85774C-10BD-454D-B6EC-71BC60B85782}.Ad-Hoc|Any CPU.ActiveCfg = Release|Any CPU
		{0F85774C-10BD-454D-B6EC-71BC60B85782}.Ad-Hoc|Any CPU.Build.0 = Release|Any CPU
		{0F85774C-10BD-454D-B6EC-71BC60B85782}.Ad-Hoc|Any CPU.Deploy.0 = Release|Any CPU
		{0F85774C-10BD-454D-B6EC-71BC60B85782}.Ad-Hoc|iPhone.ActiveCfg = Release|Any CPU
		{0F85774C-10BD-454D-B6EC-71BC60B85782}.Ad-Hoc|iPhone.Build.0 = Release|Any CPU
		{0F85774C-10BD-454D-B6EC-71BC60B85782}.Ad-Hoc|iPhone.Deploy.0 = Release|Any CPU
		{0F85774C-10BD-454D-B6EC-71BC60B85782}.Ad-Hoc|iPhoneSimulator.ActiveCfg = Release|Any CPU
		{0F85774C-10BD-454D-B6EC-71BC60B85782}.Ad-Hoc|iPhoneSimulator.Build.0 = Release|Any CPU
		{0F85774C-10BD-454D-B6EC-71BC60B85782}.Ad-Hoc|iPhoneSimulator.Deploy.0 = Release|Any CPU
		{0F85774C-10BD-454D-B6EC-71BC60B85782}.AppStore|Any CPU.ActiveCfg = Release|Any CPU
		{0F85774C-10BD-454D-B6EC-71BC60B85782}.AppStore|Any CPU.Build.0 = Release|Any CPU
		{0F85774C-10BD-454D-B6EC-71BC60B85782}.AppStore|Any CPU.Deploy.0 = Release|Any CPU
		{0F85774C-10BD-454D-B6EC-71BC60B85782}.AppStore|iPhone.ActiveCfg = Release|Any CPU
		{0F85774C-10BD-454D-B6EC-71BC60B85782}.AppStore|iPhone.Build.0 = Release|Any CPU
		{0F85774C-10BD-454D-B6EC-71BC60B85782}.AppStore|iPhone.Deploy.0 = Release|Any CPU
		{0F85774C-10BD-454D-B6EC-71BC60B85782}.AppStore|iPhoneSimulator.ActiveCfg = Release|Any CPU
		{0F85774C-10BD-454D-B6EC-71BC60B85782}.AppStore|iPhoneSimulator.Build.0 = Release|Any CPU
		{0F85774C-10BD-454D-B6EC-71BC60B85782}.AppStore|iPhoneSimulator.Deploy.0 = Release|Any CPU
		{0F85774C-10BD-454D-B6EC-71BC60B85782}.Debug|Any CPU.ActiveCfg = Debug|Any CPU
		{0F85774C-10BD-454D-B6EC-71BC60B85782}.Debug|Any CPU.Build.0 = Debug|Any CPU
		{0F85774C-10BD-454D-B6EC-71BC60B85782}.Debug|Any CPU.Deploy.0 = Debug|Any CPU
		{0F85774C-10BD-454D-B6EC-71BC60B85782}.Debug|iPhone.ActiveCfg = Debug|Any CPU
		{0F85774C-10BD-454D-B6EC-71BC60B85782}.Debug|iPhone.Build.0 = Debug|Any CPU
		{0F85774C-10BD-454D-B6EC-71BC60B85782}.Debug|iPhone.Deploy.0 = Debug|Any CPU
		{0F85774C-10BD-454D-B6EC-71BC60B85782}.Debug|iPhoneSimulator.ActiveCfg = Debug|Any CPU
		{0F85774C-10BD-454D-B6EC-71BC60B85782}.Debug|iPhoneSimulator.Build.0 = Debug|Any CPU
		{0F85774C-10BD-454D-B6EC-71BC60B85782}.Debug|iPhoneSimulator.Deploy.0 = Debug|Any CPU
		{0F85774C-10BD-454D-B6EC-71BC60B85782}.Release|Any CPU.ActiveCfg = Release|Any CPU
		{0F85774C-10BD-454D-B6EC-71BC60B85782}.Release|Any CPU.Build.0 = Release|Any CPU
		{0F85774C-10BD-454D-B6EC-71BC60B85782}.Release|Any CPU.Deploy.0 = Release|Any CPU
		{0F85774C-10BD-454D-B6EC-71BC60B85782}.Release|iPhone.ActiveCfg = Release|Any CPU
		{0F85774C-10BD-454D-B6EC-71BC60B85782}.Release|iPhone.Build.0 = Release|Any CPU
		{0F85774C-10BD-454D-B6EC-71BC60B85782}.Release|iPhone.Deploy.0 = Release|Any CPU
		{0F85774C-10BD-454D-B6EC-71BC60B85782}.Release|iPhoneSimulator.ActiveCfg = Release|Any CPU
		{0F85774C-10BD-454D-B6EC-71BC60B85782}.Release|iPhoneSimulator.Build.0 = Release|Any CPU
		{0F85774C-10BD-454D-B6EC-71BC60B85782}.Release|iPhoneSimulator.Deploy.0 = Release|Any CPU
		{80E0859E-B2B6-44AF-A95E-D4F5B8BDFDA9}.Ad-Hoc|Any CPU.ActiveCfg = Ad-Hoc|iPhone
		{80E0859E-B2B6-44AF-A95E-D4F5B8BDFDA9}.Ad-Hoc|iPhone.ActiveCfg = Ad-Hoc|iPhone
		{80E0859E-B2B6-44AF-A95E-D4F5B8BDFDA9}.Ad-Hoc|iPhone.Build.0 = Ad-Hoc|iPhone
		{80E0859E-B2B6-44AF-A95E-D4F5B8BDFDA9}.Ad-Hoc|iPhoneSimulator.ActiveCfg = Ad-Hoc|iPhoneSimulator
		{80E0859E-B2B6-44AF-A95E-D4F5B8BDFDA9}.Ad-Hoc|iPhoneSimulator.Build.0 = Ad-Hoc|iPhoneSimulator
		{80E0859E-B2B6-44AF-A95E-D4F5B8BDFDA9}.AppStore|Any CPU.ActiveCfg = AppStore|iPhone
		{80E0859E-B2B6-44AF-A95E-D4F5B8BDFDA9}.AppStore|iPhone.ActiveCfg = AppStore|iPhone
		{80E0859E-B2B6-44AF-A95E-D4F5B8BDFDA9}.AppStore|iPhone.Build.0 = AppStore|iPhone
		{80E0859E-B2B6-44AF-A95E-D4F5B8BDFDA9}.AppStore|iPhoneSimulator.ActiveCfg = AppStore|iPhoneSimulator
		{80E0859E-B2B6-44AF-A95E-D4F5B8BDFDA9}.AppStore|iPhoneSimulator.Build.0 = AppStore|iPhoneSimulator
		{80E0859E-B2B6-44AF-A95E-D4F5B8BDFDA9}.Debug|Any CPU.ActiveCfg = Debug|iPhone
		{80E0859E-B2B6-44AF-A95E-D4F5B8BDFDA9}.Debug|Any CPU.Build.0 = Debug|iPhone
		{80E0859E-B2B6-44AF-A95E-D4F5B8BDFDA9}.Debug|iPhone.ActiveCfg = Debug|iPhone
		{80E0859E-B2B6-44AF-A95E-D4F5B8BDFDA9}.Debug|iPhone.Build.0 = Debug|iPhone
		{80E0859E-B2B6-44AF-A95E-D4F5B8BDFDA9}.Debug|iPhoneSimulator.ActiveCfg = Debug|iPhoneSimulator
		{80E0859E-B2B6-44AF-A95E-D4F5B8BDFDA9}.Debug|iPhoneSimulator.Build.0 = Debug|iPhoneSimulator
		{80E0859E-B2B6-44AF-A95E-D4F5B8BDFDA9}.Release|Any CPU.ActiveCfg = Release|iPhone
		{80E0859E-B2B6-44AF-A95E-D4F5B8BDFDA9}.Release|iPhone.ActiveCfg = Release|iPhone
		{80E0859E-B2B6-44AF-A95E-D4F5B8BDFDA9}.Release|iPhone.Build.0 = Release|iPhone
		{80E0859E-B2B6-44AF-A95E-D4F5B8BDFDA9}.Release|iPhoneSimulator.ActiveCfg = Release|iPhoneSimulator
		{80E0859E-B2B6-44AF-A95E-D4F5B8BDFDA9}.Release|iPhoneSimulator.Build.0 = Release|iPhoneSimulator
		{D8EB7CA4-9703-401E-92BF-A47DA415A322}.Ad-Hoc|Any CPU.ActiveCfg = Debug|Any CPU
		{D8EB7CA4-9703-401E-92BF-A47DA415A322}.Ad-Hoc|Any CPU.Build.0 = Debug|Any CPU
		{D8EB7CA4-9703-401E-92BF-A47DA415A322}.Ad-Hoc|iPhone.ActiveCfg = Debug|Any CPU
		{D8EB7CA4-9703-401E-92BF-A47DA415A322}.Ad-Hoc|iPhone.Build.0 = Debug|Any CPU
		{D8EB7CA4-9703-401E-92BF-A47DA415A322}.Ad-Hoc|iPhoneSimulator.ActiveCfg = Debug|Any CPU
		{D8EB7CA4-9703-401E-92BF-A47DA415A322}.Ad-Hoc|iPhoneSimulator.Build.0 = Debug|Any CPU
		{D8EB7CA4-9703-401E-92BF-A47DA415A322}.AppStore|Any CPU.ActiveCfg = Debug|Any CPU
		{D8EB7CA4-9703-401E-92BF-A47DA415A322}.AppStore|Any CPU.Build.0 = Debug|Any CPU
		{D8EB7CA4-9703-401E-92BF-A47DA415A322}.AppStore|iPhone.ActiveCfg = Debug|Any CPU
		{D8EB7CA4-9703-401E-92BF-A47DA415A322}.AppStore|iPhone.Build.0 = Debug|Any CPU
		{D8EB7CA4-9703-401E-92BF-A47DA415A322}.AppStore|iPhoneSimulator.ActiveCfg = Debug|Any CPU
		{D8EB7CA4-9703-401E-92BF-A47DA415A322}.AppStore|iPhoneSimulator.Build.0 = Debug|Any CPU
		{D8EB7CA4-9703-401E-92BF-A47DA415A322}.Debug|Any CPU.ActiveCfg = Debug|Any CPU
		{D8EB7CA4-9703-401E-92BF-A47DA415A322}.Debug|Any CPU.Build.0 = Debug|Any CPU
		{D8EB7CA4-9703-401E-92BF-A47DA415A322}.Debug|iPhone.ActiveCfg = Debug|Any CPU
		{D8EB7CA4-9703-401E-92BF-A47DA415A322}.Debug|iPhone.Build.0 = Debug|Any CPU
		{D8EB7CA4-9703-401E-92BF-A47DA415A322}.Debug|iPhoneSimulator.ActiveCfg = Debug|Any CPU
		{D8EB7CA4-9703-401E-92BF-A47DA415A322}.Debug|iPhoneSimulator.Build.0 = Debug|Any CPU
		{D8EB7CA4-9703-401E-92BF-A47DA415A322}.Release|Any CPU.ActiveCfg = Release|Any CPU
		{D8EB7CA4-9703-401E-92BF-A47DA415A322}.Release|Any CPU.Build.0 = Release|Any CPU
		{D8EB7CA4-9703-401E-92BF-A47DA415A322}.Release|iPhone.ActiveCfg = Release|Any CPU
		{D8EB7CA4-9703-401E-92BF-A47DA415A322}.Release|iPhone.Build.0 = Release|Any CPU
		{D8EB7CA4-9703-401E-92BF-A47DA415A322}.Release|iPhoneSimulator.ActiveCfg = Release|Any CPU
		{D8EB7CA4-9703-401E-92BF-A47DA415A322}.Release|iPhoneSimulator.Build.0 = Release|Any CPU
		{079AA3ED-BC26-4F06-87CC-F0226C1C9000}.Ad-Hoc|Any CPU.ActiveCfg = Release|Any CPU
		{079AA3ED-BC26-4F06-87CC-F0226C1C9000}.Ad-Hoc|Any CPU.Build.0 = Release|Any CPU
		{079AA3ED-BC26-4F06-87CC-F0226C1C9000}.Ad-Hoc|iPhone.ActiveCfg = Release|Any CPU
		{079AA3ED-BC26-4F06-87CC-F0226C1C9000}.Ad-Hoc|iPhone.Build.0 = Release|Any CPU
		{079AA3ED-BC26-4F06-87CC-F0226C1C9000}.Ad-Hoc|iPhoneSimulator.ActiveCfg = Release|Any CPU
		{079AA3ED-BC26-4F06-87CC-F0226C1C9000}.Ad-Hoc|iPhoneSimulator.Build.0 = Release|Any CPU
		{079AA3ED-BC26-4F06-87CC-F0226C1C9000}.AppStore|Any CPU.ActiveCfg = Release|Any CPU
		{079AA3ED-BC26-4F06-87CC-F0226C1C9000}.AppStore|Any CPU.Build.0 = Release|Any CPU
		{079AA3ED-BC26-4F06-87CC-F0226C1C9000}.AppStore|iPhone.ActiveCfg = Release|Any CPU
		{079AA3ED-BC26-4F06-87CC-F0226C1C9000}.AppStore|iPhone.Build.0 = Release|Any CPU
		{079AA3ED-BC26-4F06-87CC-F0226C1C9000}.AppStore|iPhoneSimulator.ActiveCfg = Release|Any CPU
		{079AA3ED-BC26-4F06-87CC-F0226C1C9000}.AppStore|iPhoneSimulator.Build.0 = Release|Any CPU
		{079AA3ED-BC26-4F06-87CC-F0226C1C9000}.Debug|Any CPU.ActiveCfg = Debug|Any CPU
		{079AA3ED-BC26-4F06-87CC-F0226C1C9000}.Debug|Any CPU.Build.0 = Debug|Any CPU
		{079AA3ED-BC26-4F06-87CC-F0226C1C9000}.Debug|iPhone.ActiveCfg = Debug|Any CPU
		{079AA3ED-BC26-4F06-87CC-F0226C1C9000}.Debug|iPhone.Build.0 = Debug|Any CPU
		{079AA3ED-BC26-4F06-87CC-F0226C1C9000}.Debug|iPhoneSimulator.ActiveCfg = Debug|Any CPU
		{079AA3ED-BC26-4F06-87CC-F0226C1C9000}.Debug|iPhoneSimulator.Build.0 = Debug|Any CPU
		{079AA3ED-BC26-4F06-87CC-F0226C1C9000}.Release|Any CPU.ActiveCfg = Release|Any CPU
		{079AA3ED-BC26-4F06-87CC-F0226C1C9000}.Release|Any CPU.Build.0 = Release|Any CPU
		{079AA3ED-BC26-4F06-87CC-F0226C1C9000}.Release|iPhone.ActiveCfg = Release|Any CPU
		{079AA3ED-BC26-4F06-87CC-F0226C1C9000}.Release|iPhone.Build.0 = Release|Any CPU
		{079AA3ED-BC26-4F06-87CC-F0226C1C9000}.Release|iPhoneSimulator.ActiveCfg = Release|Any CPU
		{079AA3ED-BC26-4F06-87CC-F0226C1C9000}.Release|iPhoneSimulator.Build.0 = Release|Any CPU
	EndGlobalSection
	GlobalSection(SolutionProperties) = preSolution
		HideSolutionNode = FALSE
	EndGlobalSection
	GlobalSection(ExtensibilityGlobals) = postSolution
		SolutionGuid = {C1912565-2633-4620-A7D1-EDC1B0BFDAE2}
	EndGlobalSection
EndGlobal
